
Microsoft Visual Studio Solution File, Format Version 12.00
# Visual Studio Version 17
VisualStudioVersion = 17.11.35327.3
MinimumVisualStudioVersion = 10.0.40219.1
Project("{9A19103F-16F7-4668-BE54-9A1E7A4F7556}") = "ComputerRepairService", "ComputerRepairService.csproj", "{3006DBDD-5008-4D10-BE90-8CD73BC55F1D}"
EndProject
Global
	GlobalSection(SolutionConfigurationPlatforms) = preSolution
		Debug|Any CPU = Debug|Any CPU
		Release|Any CPU = Release|Any CPU
	EndGlobalSection
	GlobalSection(ProjectConfigurationPlatforms) = postSolution
		{3006DBDD-5008-4D10-BE90-8CD73BC55F1D}.Debug|Any CPU.ActiveCfg = Debug|Any CPU
		{3006DBDD-5008-4D10-BE90-8CD73BC55F1D}.Debug|Any CPU.Build.0 = Debug|Any CPU
		{3006DBDD-5008-4D10-BE90-8CD73BC55F1D}.Release|Any CPU.ActiveCfg = Release|Any CPU
		{3006DBDD-5008-4D10-BE90-8CD73BC55F1D}.Release|Any CPU.Build.0 = Release|Any CPU
	EndGlobalSection
	GlobalSection(SolutionProperties) = preSolution
		HideSolutionNode = FALSE
	EndGlobalSection
	GlobalSection(ExtensibilityGlobals) = postSolution
		SolutionGuid = {DB436D0C-358B-4EF4-A7AE-61873E9F5100}
	EndGlobalSection
EndGlobal
